{
  "meteor": {},
  "dependencies": {
    "basePackages": {
      "iron-router": {},
      "balanced-payments-production": {},
      "npm": {},
      "mandrill": {},
      "iron-router-progress": {},
      "moment": {},
      "font-awesome": {},
      "autoform": {},
      "bootstrap-3": {},
      "jquery-ui": {},
      "analyticsjs": {},
      "easy-check": {}
    },
    "packages": {
      "iron-router": {
        "git": "https://github.com/EventedMind/iron-router.git",
        "tag": "v0.7.1",
        "commit": "d1ffb3f06ea4c112132b030f2eb1a70b81675ecb"
      },
      "balanced-payments-production": {
        "git": "https://github.com/c316/balanced-payments-production.git",
        "tag": "v0.3.0",
        "commit": "21e2665c4e9c0485a8cf728cf76b590a3fea33fb"
      },
      "npm": {
        "git": "https://github.com/arunoda/meteor-npm.git",
        "tag": "v0.2.6",
        "commit": "177ab6118de5bf8cffb19481343d5762ff7a2aaf"
      },
      "mandrill": {
        "git": "https://github.com/timmyg/meteor-mandrill.git",
        "tag": "v0.0.6",
        "commit": "211be350989440403f8171031a97dd80b6c924ec"
      },
      "iron-router-progress": {
        "git": "https://github.com/Multiply/iron-router-progress.git",
        "tag": "v0.4.1",
        "commit": "496fcda9a6ec352b4733725f60c6f280250c3541"
      },
      "moment": {
        "git": "https://github.com/acreeger/meteor-moment.git",
        "tag": "v2.6.0",
        "commit": "26156df681750fd6e6ed77043eef32b6653ebbdf"
      },
      "font-awesome": {
        "git": "https://github.com/nate-strauser/meteor-font-awesome.git",
        "tag": "v4.1.0",
        "commit": "ce6b1e92715d1938babc5d69c655c17e387f5926"
      },
      "autoform": {
        "git": "https://github.com/aldeed/meteor-autoform.git",
        "tag": "v0.16.1",
        "commit": "34a447fd3a1b3164c78f865aabbac3ddc2d033fb"
      },
      "bootstrap-3": {
        "git": "https://github.com/mangasocial/meteor-bootstrap-3.git",
        "tag": "v3.2.0-1",
        "commit": "17a63902fc6cf1096c5289d963c66cf28b474727"
      },
      "jquery-ui": {
        "git": "https://github.com/TimHeckel/meteor-jquery-ui.git",
        "tag": "v1.9.2",
        "commit": "c437d45edcf1367df8d5ffa8bad2867758030bd2"
      },
      "analyticsjs": {
        "git": "https://github.com/nate-strauser/meteor-analyticsjs.git",
        "tag": "v0.1.8",
        "commit": "98b3f4a538b4aac2d34aaf5783ff2b1d416fef26"
      },
      "easy-check": {
        "git": "https://github.com/matteodem/meteor-easy-check.git",
        "tag": "v0.3.1",
        "commit": "2adbc7833f6474dfc5c8e1b00e4a2b4d5c98a2c5"
      },
      "blaze-layout": {
        "git": "https://github.com/EventedMind/blaze-layout.git",
        "tag": "v0.2.4",
        "commit": "b40e9b0612329288d75cf52ad14a7da64bb8618f"
      },
      "simple-schema": {
        "git": "https://github.com/aldeed/meteor-simple-schema.git",
        "tag": "v0.6.0",
        "commit": "418ec496612fb2afc853e342f0d2269b6674a2fe"
      },
      "collection2": {
        "git": "https://github.com/aldeed/meteor-collection2.git",
        "tag": "v0.4.3",
        "commit": "cb470de2cfeebeccbf76d4cc0a39ad4afc76d553"
      }
    }
  }
}
