{
  "meteor": {},
  "dependencies": {
    "basePackages": {
      "balanced-payments-production": {},
      "npm": {},
      "mandrill": {},
      "moment": {},
      "font-awesome": {},
      "analyticsjs": {},
      "winston-papertrail": {},
      "iron-router": {},
      "iron-router-progress": {},
      "bootstrap-3": {},
      "kadira": {},
      "parsley.js": {}
    },
    "packages": {
      "balanced-payments-production": {
        "git": "https://github.com/c316/balanced-payments-production.git",
        "tag": "v0.3.0",
        "commit": "21e2665c4e9c0485a8cf728cf76b590a3fea33fb"
      },
      "npm": {
        "git": "https://github.com/arunoda/meteor-npm.git",
        "tag": "v0.2.6",
        "commit": "177ab6118de5bf8cffb19481343d5762ff7a2aaf"
      },
      "mandrill": {
        "git": "https://github.com/timmyg/meteor-mandrill.git",
        "tag": "v0.0.6",
        "commit": "211be350989440403f8171031a97dd80b6c924ec"
      },
      "moment": {
        "git": "https://github.com/acreeger/meteor-moment.git",
        "tag": "v2.8.1",
        "commit": "722ea63783d594341023836b7d418ab2567dab8c"
      },
      "font-awesome": {
        "git": "https://github.com/nate-strauser/meteor-font-awesome.git",
        "tag": "v4.1.0",
        "commit": "ce6b1e92715d1938babc5d69c655c17e387f5926"
      },
      "analyticsjs": {
        "git": "https://github.com/nate-strauser/meteor-analyticsjs.git",
        "tag": "v0.1.8",
        "commit": "98b3f4a538b4aac2d34aaf5783ff2b1d416fef26"
      },
      "winston-papertrail": {
        "git": "https://github.com/stuartfenton/meteor-winston-papertrail.git",
        "tag": "v0.0.5",
        "commit": "3884fbfce55648c2717bba51ce998b9a7bf9bd80"
      },
      "iron-router": {
        "git": "https://github.com/EventedMind/iron-router.git",
        "tag": "v0.8.2",
        "commit": "05415a8891ea87a00fb1e2388585f2ca5a38e0da"
      },
      "iron-router-progress": {
        "git": "https://github.com/Multiply/iron-router-progress.git",
        "tag": "v0.4.1",
        "commit": "496fcda9a6ec352b4733725f60c6f280250c3541"
      },
      "bootstrap-3": {
        "git": "https://github.com/mangasocial/meteor-bootstrap-3.git",
        "tag": "v3.2.0-1",
        "commit": "17a63902fc6cf1096c5289d963c66cf28b474727"
      },
      "kadira": {
        "git": "https://github.com/meteorhacks/kadira.git",
        "tag": "v2.4.13",
        "commit": "1f3c1a427084af5a2eca2e299eb65bc01387df8a"
      },
      "parsley.js": {
        "git": "https://github.com/amrali/parsleyjs-meteor.git",
        "tag": "v2.0.3",
        "commit": "2608796c7851759a9ee62461fe07a0c32d6e8f31"
      },
      "iron-layout": {
        "git": "https://github.com/EventedMind/iron-layout.git",
        "tag": "v0.2.0",
        "commit": "4a2d53e35ba036b0c189c7ceca34be494d4c6c97"
      },
      "blaze-layout": {
        "git": "https://github.com/EventedMind/blaze-layout.git",
        "tag": "v0.2.5",
        "commit": "273e3ab7d005d91a1a59c71bd224533b4dae2fbd"
      },
      "iron-core": {
        "git": "https://github.com/EventedMind/iron-core.git",
        "tag": "v0.2.0",
        "commit": "0e48b5dc50d03f01025b7b900fb5ce2f13d52cad"
      },
      "iron-dynamic-template": {
        "git": "https://github.com/EventedMind/iron-dynamic-template.git",
        "tag": "v0.2.1",
        "commit": "4dd1185c4d9d616c9abdb3f33e4a7d5a88db7e18"
      }
    }
  }
}
